
Microsoft Visual Studio Solution File, Format Version 12.00
# Visual Studio Version 16
VisualStudioVersion = 16.0.31424.327
MinimumVisualStudioVersion = 10.0.40219.1
Project("{FAE04EC0-301F-11D3-BF4B-00C04F79EFBC}") = "BeatLeader", "Source/BeatLeader.csproj", "{A652D071-E511-4BD2-B49A-992C12385342}"
EndProject
Project("{2150E333-8FDC-42A3-9474-1A3956D46DE8}") = "Solution Items", "Solution Items", "{C3AB33DA-C704-4DC4-85CF-336A9BD2620B}"
	ProjectSection(SolutionItems) = preProject
		.gitignore = .gitignore
	    BeatLeader.csproj = Source/BeatLeader.csproj
	    BeatLeader.csproj.user = Source/BeatLeader.csproj.user
		README.md = README.md
	EndProjectSection
EndProject
Global
	GlobalSection(SolutionConfigurationPlatforms) = preSolution
		Debug|Any CPU = Debug|Any CPU
		Release|Any CPU = Release|Any CPU
	EndGlobalSection
	GlobalSection(ProjectConfigurationPlatforms) = postSolution
		{A652D071-E511-4BD2-B49A-992C12385342}.Debug|Any CPU.ActiveCfg = Debug|Any CPU
		{A652D071-E511-4BD2-B49A-992C12385342}.Debug|Any CPU.Build.0 = Debug|Any CPU
		{A652D071-E511-4BD2-B49A-992C12385342}.Release|Any CPU.ActiveCfg = Release|Any CPU
		{A652D071-E511-4BD2-B49A-992C12385342}.Release|Any CPU.Build.0 = Release|Any CPU
	EndGlobalSection
	GlobalSection(SolutionProperties) = preSolution
		HideSolutionNode = FALSE
	EndGlobalSection
	GlobalSection(ExtensibilityGlobals) = postSolution
		SolutionGuid = {63CBE1E9-6AEF-4CE5-9EEA-7FA7DB3AEBCF}
	EndGlobalSection
EndGlobal
